
Microsoft Visual Studio Solution File, Format Version 12.00
# Visual Studio Version 16
VisualStudioVersion = 16.0.29424.173
MinimumVisualStudioVersion = 10.0.40219.1
Project("{FAE04EC0-301F-11D3-BF4B-00C04F79EFBC}") = "chapter7.Android", "chapter7\chapter7.Android\chapter7.Android.csproj", "{5942FB14-782B-4223-A4E2-1F3ABC5BD70F}"
EndProject
Project("{FAE04EC0-301F-11D3-BF4B-00C04F79EFBC}") = "chapter7.iOS", "chapter7\chapter7.iOS\chapter7.iOS.csproj", "{510B174D-1B76-4FE5-AAC2-9748294BD575}"
EndProject
Project("{FAE04EC0-301F-11D3-BF4B-00C04F79EFBC}") = "chapter7", "chapter7\chapter7\chapter7.csproj", "{2B59074C-0288-4125-89CE-1FBB4C43F6F5}"
EndProject
Global
	GlobalSection(SolutionConfigurationPlatforms) = preSolution
		Debug|Any CPU = Debug|Any CPU
		Debug|iPhone = Debug|iPhone
		Debug|iPhoneSimulator = Debug|iPhoneSimulator
		Release|Any CPU = Release|Any CPU
		Release|iPhone = Release|iPhone
		Release|iPhoneSimulator = Release|iPhoneSimulator
	EndGlobalSection
	GlobalSection(ProjectConfigurationPlatforms) = postSolution
		{5942FB14-782B-4223-A4E2-1F3ABC5BD70F}.Debug|Any CPU.ActiveCfg = Debug|Any CPU
		{5942FB14-782B-4223-A4E2-1F3ABC5BD70F}.Debug|Any CPU.Build.0 = Debug|Any CPU
		{5942FB14-782B-4223-A4E2-1F3ABC5BD70F}.Debug|Any CPU.Deploy.0 = Debug|Any CPU
		{5942FB14-782B-4223-A4E2-1F3ABC5BD70F}.Debug|iPhone.ActiveCfg = Debug|Any CPU
		{5942FB14-782B-4223-A4E2-1F3ABC5BD70F}.Debug|iPhone.Build.0 = Debug|Any CPU
		{5942FB14-782B-4223-A4E2-1F3ABC5BD70F}.Debug|iPhone.Deploy.0 = Debug|Any CPU
		{5942FB14-782B-4223-A4E2-1F3ABC5BD70F}.Debug|iPhoneSimulator.ActiveCfg = Debug|Any CPU
		{5942FB14-782B-4223-A4E2-1F3ABC5BD70F}.Debug|iPhoneSimulator.Build.0 = Debug|Any CPU
		{5942FB14-782B-4223-A4E2-1F3ABC5BD70F}.Debug|iPhoneSimulator.Deploy.0 = Debug|Any CPU
		{5942FB14-782B-4223-A4E2-1F3ABC5BD70F}.Release|Any CPU.ActiveCfg = Release|Any CPU
		{5942FB14-782B-4223-A4E2-1F3ABC5BD70F}.Release|Any CPU.Build.0 = Release|Any CPU
		{5942FB14-782B-4223-A4E2-1F3ABC5BD70F}.Release|Any CPU.Deploy.0 = Release|Any CPU
		{5942FB14-782B-4223-A4E2-1F3ABC5BD70F}.Release|iPhone.ActiveCfg = Release|Any CPU
		{5942FB14-782B-4223-A4E2-1F3ABC5BD70F}.Release|iPhone.Build.0 = Release|Any CPU
		{5942FB14-782B-4223-A4E2-1F3ABC5BD70F}.Release|iPhone.Deploy.0 = Release|Any CPU
		{5942FB14-782B-4223-A4E2-1F3ABC5BD70F}.Release|iPhoneSimulator.ActiveCfg = Release|Any CPU
		{5942FB14-782B-4223-A4E2-1F3ABC5BD70F}.Release|iPhoneSimulator.Build.0 = Release|Any CPU
		{5942FB14-782B-4223-A4E2-1F3ABC5BD70F}.Release|iPhoneSimulator.Deploy.0 = Release|Any CPU
		{510B174D-1B76-4FE5-AAC2-9748294BD575}.Debug|Any CPU.ActiveCfg = Debug|iPhoneSimulator
		{510B174D-1B76-4FE5-AAC2-9748294BD575}.Debug|Any CPU.Build.0 = Debug|iPhoneSimulator
		{510B174D-1B76-4FE5-AAC2-9748294BD575}.Debug|Any CPU.Deploy.0 = Debug|iPhoneSimulator
		{510B174D-1B76-4FE5-AAC2-9748294BD575}.Debug|iPhone.ActiveCfg = Debug|iPhone
		{510B174D-1B76-4FE5-AAC2-9748294BD575}.Debug|iPhone.Build.0 = Debug|iPhone
		{510B174D-1B76-4FE5-AAC2-9748294BD575}.Debug|iPhone.Deploy.0 = Debug|iPhone
		{510B174D-1B76-4FE5-AAC2-9748294BD575}.Debug|iPhoneSimulator.ActiveCfg = Debug|iPhoneSimulator
		{510B174D-1B76-4FE5-AAC2-9748294BD575}.Debug|iPhoneSimulator.Build.0 = Debug|iPhoneSimulator
		{510B174D-1B76-4FE5-AAC2-9748294BD575}.Debug|iPhoneSimulator.Deploy.0 = Debug|iPhoneSimulator
		{510B174D-1B76-4FE5-AAC2-9748294BD575}.Release|Any CPU.ActiveCfg = Release|iPhone
		{510B174D-1B76-4FE5-AAC2-9748294BD575}.Release|Any CPU.Build.0 = Release|iPhone
		{510B174D-1B76-4FE5-AAC2-9748294BD575}.Release|Any CPU.Deploy.0 = Release|iPhone
		{510B174D-1B76-4FE5-AAC2-9748294BD575}.Release|iPhone.ActiveCfg = Release|iPhone
		{510B174D-1B76-4FE5-AAC2-9748294BD575}.Release|iPhone.Build.0 = Release|iPhone
		{510B174D-1B76-4FE5-AAC2-9748294BD575}.Release|iPhone.Deploy.0 = Release|iPhone
		{510B174D-1B76-4FE5-AAC2-9748294BD575}.Release|iPhoneSimulator.ActiveCfg = Release|iPhoneSimulator
		{510B174D-1B76-4FE5-AAC2-9748294BD575}.Release|iPhoneSimulator.Build.0 = Release|iPhoneSimulator
		{510B174D-1B76-4FE5-AAC2-9748294BD575}.Release|iPhoneSimulator.Deploy.0 = Release|iPhoneSimulator
		{2B59074C-0288-4125-89CE-1FBB4C43F6F5}.Debug|Any CPU.ActiveCfg = Debug|Any CPU
		{2B59074C-0288-4125-89CE-1FBB4C43F6F5}.Debug|Any CPU.Build.0 = Debug|Any CPU
		{2B59074C-0288-4125-89CE-1FBB4C43F6F5}.Debug|Any CPU.Deploy.0 = Debug|Any CPU
		{2B59074C-0288-4125-89CE-1FBB4C43F6F5}.Debug|iPhone.ActiveCfg = Debug|Any CPU
		{2B59074C-0288-4125-89CE-1FBB4C43F6F5}.Debug|iPhone.Build.0 = Debug|Any CPU
		{2B59074C-0288-4125-89CE-1FBB4C43F6F5}.Debug|iPhone.Deploy.0 = Debug|Any CPU
		{2B59074C-0288-4125-89CE-1FBB4C43F6F5}.Debug|iPhoneSimulator.ActiveCfg = Debug|Any CPU
		{2B59074C-0288-4125-89CE-1FBB4C43F6F5}.Debug|iPhoneSimulator.Build.0 = Debug|Any CPU
		{2B59074C-0288-4125-89CE-1FBB4C43F6F5}.Debug|iPhoneSimulator.Deploy.0 = Debug|Any CPU
		{2B59074C-0288-4125-89CE-1FBB4C43F6F5}.Release|Any CPU.ActiveCfg = Release|Any CPU
		{2B59074C-0288-4125-89CE-1FBB4C43F6F5}.Release|Any CPU.Build.0 = Release|Any CPU
		{2B59074C-0288-4125-89CE-1FBB4C43F6F5}.Release|Any CPU.Deploy.0 = Release|Any CPU
		{2B59074C-0288-4125-89CE-1FBB4C43F6F5}.Release|iPhone.ActiveCfg = Release|Any CPU
		{2B59074C-0288-4125-89CE-1FBB4C43F6F5}.Release|iPhone.Build.0 = Release|Any CPU
		{2B59074C-0288-4125-89CE-1FBB4C43F6F5}.Release|iPhone.Deploy.0 = Release|Any CPU
		{2B59074C-0288-4125-89CE-1FBB4C43F6F5}.Release|iPhoneSimulator.ActiveCfg = Release|Any CPU
		{2B59074C-0288-4125-89CE-1FBB4C43F6F5}.Release|iPhoneSimulator.Build.0 = Release|Any CPU
		{2B59074C-0288-4125-89CE-1FBB4C43F6F5}.Release|iPhoneSimulator.Deploy.0 = Release|Any CPU
	EndGlobalSection
	GlobalSection(SolutionProperties) = preSolution
		HideSolutionNode = FALSE
	EndGlobalSection
	GlobalSection(ExtensibilityGlobals) = postSolution
		SolutionGuid = {B89981A5-D287-4F0F-AFD2-B06BC51D08B0}
	EndGlobalSection
EndGlobal
