
Microsoft Visual Studio Solution File, Format Version 12.00
# Visual Studio Version 16
VisualStudioVersion = 16.0.29424.173
MinimumVisualStudioVersion = 10.0.40219.1
Project("{FAE04EC0-301F-11D3-BF4B-00C04F79EFBC}") = "StackLayout.Android", "StackLayout\StackLayout.Android\StackLayout.Android.csproj", "{C5B64C62-EB88-42B4-9B7C-24521D4F0379}"
EndProject
Project("{9A19103F-16F7-4668-BE54-9A1E7A4F7556}") = "StackLayout", "StackLayout\StackLayout\StackLayout.csproj", "{F1CE4F96-43E2-425E-8E20-7B76B9AF0911}"
EndProject
Project("{FAE04EC0-301F-11D3-BF4B-00C04F79EFBC}") = "FlexLayout_ex1.Android", "FlexLayout_ex1\FlexLayout_ex1.Android\FlexLayout_ex1.Android.csproj", "{4ED9F314-0075-4BA2-BB50-013C257C47B2}"
EndProject
Project("{9A19103F-16F7-4668-BE54-9A1E7A4F7556}") = "FlexLayout_ex1", "FlexLayout_ex1\FlexLayout_ex1\FlexLayout_ex1.csproj", "{163F0534-E166-4E0B-A302-1E0CCE2C3A7F}"
EndProject
Project("{FAE04EC0-301F-11D3-BF4B-00C04F79EFBC}") = "FlexLayoutEx2.Android", "FlexLayoutEx2\FlexLayoutEx2.Android\FlexLayoutEx2.Android.csproj", "{30E19D0C-8A75-47F0-B6DC-4171EEDF18A1}"
EndProject
Project("{9A19103F-16F7-4668-BE54-9A1E7A4F7556}") = "FlexLayoutEx2", "FlexLayoutEx2\FlexLayoutEx2\FlexLayoutEx2.csproj", "{46651EF3-0B2C-4984-A735-C17CA03E1435}"
EndProject
Project("{FAE04EC0-301F-11D3-BF4B-00C04F79EFBC}") = "FlexLayoutEx3.Android", "FlexLayoutEx3\FlexLayoutEx3.Android\FlexLayoutEx3.Android.csproj", "{76A79834-0F28-40A2-A727-BF96E4C050F4}"
EndProject
Project("{9A19103F-16F7-4668-BE54-9A1E7A4F7556}") = "FlexLayoutEx3", "FlexLayoutEx3\FlexLayoutEx3\FlexLayoutEx3.csproj", "{100165EB-225B-4363-A2DD-FC2F879852ED}"
EndProject
Project("{FAE04EC0-301F-11D3-BF4B-00C04F79EFBC}") = "FlexLayoutEx4.Android", "FlexLayoutEx4\FlexLayoutEx4.Android\FlexLayoutEx4.Android.csproj", "{556F5079-9F93-42B7-95BA-0F4968E1AFC8}"
EndProject
Project("{9A19103F-16F7-4668-BE54-9A1E7A4F7556}") = "FlexLayoutEx4", "FlexLayoutEx4\FlexLayoutEx4\FlexLayoutEx4.csproj", "{1251F37A-41BF-4402-9839-769E3F5F3441}"
EndProject
Project("{FAE04EC0-301F-11D3-BF4B-00C04F79EFBC}") = "Grid.Android", "Grid\Grid.Android\Grid.Android.csproj", "{74878792-FE96-4DD6-B362-24F3D70BE0B7}"
EndProject
Project("{9A19103F-16F7-4668-BE54-9A1E7A4F7556}") = "Grid", "Grid\Grid\Grid.csproj", "{E1BA8C8A-C9A3-436F-A6EB-138F8C050CF3}"
EndProject
Project("{FAE04EC0-301F-11D3-BF4B-00C04F79EFBC}") = "RelativeLayout.Android", "RelativeLayout\RelativeLayout.Android\RelativeLayout.Android.csproj", "{7FB84807-829F-4225-A29E-102671EC1A7D}"
EndProject
Project("{9A19103F-16F7-4668-BE54-9A1E7A4F7556}") = "RelativeLayout", "RelativeLayout\RelativeLayout\RelativeLayout.csproj", "{854D90E6-0F88-4222-8051-A484998F16CE}"
EndProject
Project("{FAE04EC0-301F-11D3-BF4B-00C04F79EFBC}") = "AbsoluteLayout.Android", "AbsoluteLayout\AbsoluteLayout.Android\AbsoluteLayout.Android.csproj", "{9BCE325D-BD12-449D-A654-9B35B25E346A}"
EndProject
Project("{9A19103F-16F7-4668-BE54-9A1E7A4F7556}") = "AbsoluteLayout", "AbsoluteLayout\AbsoluteLayout\AbsoluteLayout.csproj", "{3418F6C1-4249-4C10-A5D5-637C5C7BCD63}"
EndProject
Project("{FAE04EC0-301F-11D3-BF4B-00C04F79EFBC}") = "ContentView.Android", "ContentView\ContentView.Android\ContentView.Android.csproj", "{132904BF-ADCB-48D6-9F5D-0065F8C68A74}"
EndProject
Project("{FAE04EC0-301F-11D3-BF4B-00C04F79EFBC}") = "ContentView", "ContentView\ContentView\ContentView.csproj", "{D5341191-2F8A-4AC7-B8E1-2E193378D872}"
EndProject
Project("{FAE04EC0-301F-11D3-BF4B-00C04F79EFBC}") = "Frame.Android", "Frame\Frame.Android\Frame.Android.csproj", "{BE521EDF-CEEF-42E1-889E-0242DA9E5171}"
EndProject
Project("{FAE04EC0-301F-11D3-BF4B-00C04F79EFBC}") = "Frame", "Frame\Frame\Frame.csproj", "{C3DA471D-B911-4490-A6F3-0E42E37B2243}"
EndProject
Global
	GlobalSection(SolutionConfigurationPlatforms) = preSolution
		Debug|Any CPU = Debug|Any CPU
		Release|Any CPU = Release|Any CPU
	EndGlobalSection
	GlobalSection(ProjectConfigurationPlatforms) = postSolution
		{C5B64C62-EB88-42B4-9B7C-24521D4F0379}.Debug|Any CPU.ActiveCfg = Debug|Any CPU
		{C5B64C62-EB88-42B4-9B7C-24521D4F0379}.Debug|Any CPU.Build.0 = Debug|Any CPU
		{C5B64C62-EB88-42B4-9B7C-24521D4F0379}.Debug|Any CPU.Deploy.0 = Debug|Any CPU
		{C5B64C62-EB88-42B4-9B7C-24521D4F0379}.Release|Any CPU.ActiveCfg = Release|Any CPU
		{C5B64C62-EB88-42B4-9B7C-24521D4F0379}.Release|Any CPU.Build.0 = Release|Any CPU
		{C5B64C62-EB88-42B4-9B7C-24521D4F0379}.Release|Any CPU.Deploy.0 = Release|Any CPU
		{F1CE4F96-43E2-425E-8E20-7B76B9AF0911}.Debug|Any CPU.ActiveCfg = Debug|Any CPU
		{F1CE4F96-43E2-425E-8E20-7B76B9AF0911}.Debug|Any CPU.Build.0 = Debug|Any CPU
		{F1CE4F96-43E2-425E-8E20-7B76B9AF0911}.Release|Any CPU.ActiveCfg = Release|Any CPU
		{F1CE4F96-43E2-425E-8E20-7B76B9AF0911}.Release|Any CPU.Build.0 = Release|Any CPU
		{4ED9F314-0075-4BA2-BB50-013C257C47B2}.Debug|Any CPU.ActiveCfg = Debug|Any CPU
		{4ED9F314-0075-4BA2-BB50-013C257C47B2}.Debug|Any CPU.Build.0 = Debug|Any CPU
		{4ED9F314-0075-4BA2-BB50-013C257C47B2}.Debug|Any CPU.Deploy.0 = Debug|Any CPU
		{4ED9F314-0075-4BA2-BB50-013C257C47B2}.Release|Any CPU.ActiveCfg = Release|Any CPU
		{4ED9F314-0075-4BA2-BB50-013C257C47B2}.Release|Any CPU.Build.0 = Release|Any CPU
		{4ED9F314-0075-4BA2-BB50-013C257C47B2}.Release|Any CPU.Deploy.0 = Release|Any CPU
		{163F0534-E166-4E0B-A302-1E0CCE2C3A7F}.Debug|Any CPU.ActiveCfg = Debug|Any CPU
		{163F0534-E166-4E0B-A302-1E0CCE2C3A7F}.Debug|Any CPU.Build.0 = Debug|Any CPU
		{163F0534-E166-4E0B-A302-1E0CCE2C3A7F}.Release|Any CPU.ActiveCfg = Release|Any CPU
		{163F0534-E166-4E0B-A302-1E0CCE2C3A7F}.Release|Any CPU.Build.0 = Release|Any CPU
		{30E19D0C-8A75-47F0-B6DC-4171EEDF18A1}.Debug|Any CPU.ActiveCfg = Debug|Any CPU
		{30E19D0C-8A75-47F0-B6DC-4171EEDF18A1}.Debug|Any CPU.Build.0 = Debug|Any CPU
		{30E19D0C-8A75-47F0-B6DC-4171EEDF18A1}.Debug|Any CPU.Deploy.0 = Debug|Any CPU
		{30E19D0C-8A75-47F0-B6DC-4171EEDF18A1}.Release|Any CPU.ActiveCfg = Release|Any CPU
		{30E19D0C-8A75-47F0-B6DC-4171EEDF18A1}.Release|Any CPU.Build.0 = Release|Any CPU
		{30E19D0C-8A75-47F0-B6DC-4171EEDF18A1}.Release|Any CPU.Deploy.0 = Release|Any CPU
		{46651EF3-0B2C-4984-A735-C17CA03E1435}.Debug|Any CPU.ActiveCfg = Debug|Any CPU
		{46651EF3-0B2C-4984-A735-C17CA03E1435}.Debug|Any CPU.Build.0 = Debug|Any CPU
		{46651EF3-0B2C-4984-A735-C17CA03E1435}.Release|Any CPU.ActiveCfg = Release|Any CPU
		{46651EF3-0B2C-4984-A735-C17CA03E1435}.Release|Any CPU.Build.0 = Release|Any CPU
		{76A79834-0F28-40A2-A727-BF96E4C050F4}.Debug|Any CPU.ActiveCfg = Debug|Any CPU
		{76A79834-0F28-40A2-A727-BF96E4C050F4}.Debug|Any CPU.Build.0 = Debug|Any CPU
		{76A79834-0F28-40A2-A727-BF96E4C050F4}.Debug|Any CPU.Deploy.0 = Debug|Any CPU
		{76A79834-0F28-40A2-A727-BF96E4C050F4}.Release|Any CPU.ActiveCfg = Release|Any CPU
		{76A79834-0F28-40A2-A727-BF96E4C050F4}.Release|Any CPU.Build.0 = Release|Any CPU
		{76A79834-0F28-40A2-A727-BF96E4C050F4}.Release|Any CPU.Deploy.0 = Release|Any CPU
		{100165EB-225B-4363-A2DD-FC2F879852ED}.Debug|Any CPU.ActiveCfg = Debug|Any CPU
		{100165EB-225B-4363-A2DD-FC2F879852ED}.Debug|Any CPU.Build.0 = Debug|Any CPU
		{100165EB-225B-4363-A2DD-FC2F879852ED}.Release|Any CPU.ActiveCfg = Release|Any CPU
		{100165EB-225B-4363-A2DD-FC2F879852ED}.Release|Any CPU.Build.0 = Release|Any CPU
		{556F5079-9F93-42B7-95BA-0F4968E1AFC8}.Debug|Any CPU.ActiveCfg = Debug|Any CPU
		{556F5079-9F93-42B7-95BA-0F4968E1AFC8}.Debug|Any CPU.Build.0 = Debug|Any CPU
		{556F5079-9F93-42B7-95BA-0F4968E1AFC8}.Debug|Any CPU.Deploy.0 = Debug|Any CPU
		{556F5079-9F93-42B7-95BA-0F4968E1AFC8}.Release|Any CPU.ActiveCfg = Release|Any CPU
		{556F5079-9F93-42B7-95BA-0F4968E1AFC8}.Release|Any CPU.Build.0 = Release|Any CPU
		{556F5079-9F93-42B7-95BA-0F4968E1AFC8}.Release|Any CPU.Deploy.0 = Release|Any CPU
		{1251F37A-41BF-4402-9839-769E3F5F3441}.Debug|Any CPU.ActiveCfg = Debug|Any CPU
		{1251F37A-41BF-4402-9839-769E3F5F3441}.Debug|Any CPU.Build.0 = Debug|Any CPU
		{1251F37A-41BF-4402-9839-769E3F5F3441}.Release|Any CPU.ActiveCfg = Release|Any CPU
		{1251F37A-41BF-4402-9839-769E3F5F3441}.Release|Any CPU.Build.0 = Release|Any CPU
		{74878792-FE96-4DD6-B362-24F3D70BE0B7}.Debug|Any CPU.ActiveCfg = Debug|Any CPU
		{74878792-FE96-4DD6-B362-24F3D70BE0B7}.Debug|Any CPU.Build.0 = Debug|Any CPU
		{74878792-FE96-4DD6-B362-24F3D70BE0B7}.Debug|Any CPU.Deploy.0 = Debug|Any CPU
		{74878792-FE96-4DD6-B362-24F3D70BE0B7}.Release|Any CPU.ActiveCfg = Release|Any CPU
		{74878792-FE96-4DD6-B362-24F3D70BE0B7}.Release|Any CPU.Build.0 = Release|Any CPU
		{74878792-FE96-4DD6-B362-24F3D70BE0B7}.Release|Any CPU.Deploy.0 = Release|Any CPU
		{E1BA8C8A-C9A3-436F-A6EB-138F8C050CF3}.Debug|Any CPU.ActiveCfg = Debug|Any CPU
		{E1BA8C8A-C9A3-436F-A6EB-138F8C050CF3}.Debug|Any CPU.Build.0 = Debug|Any CPU
		{E1BA8C8A-C9A3-436F-A6EB-138F8C050CF3}.Release|Any CPU.ActiveCfg = Release|Any CPU
		{E1BA8C8A-C9A3-436F-A6EB-138F8C050CF3}.Release|Any CPU.Build.0 = Release|Any CPU
		{7FB84807-829F-4225-A29E-102671EC1A7D}.Debug|Any CPU.ActiveCfg = Debug|Any CPU
		{7FB84807-829F-4225-A29E-102671EC1A7D}.Debug|Any CPU.Build.0 = Debug|Any CPU
		{7FB84807-829F-4225-A29E-102671EC1A7D}.Debug|Any CPU.Deploy.0 = Debug|Any CPU
		{7FB84807-829F-4225-A29E-102671EC1A7D}.Release|Any CPU.ActiveCfg = Release|Any CPU
		{7FB84807-829F-4225-A29E-102671EC1A7D}.Release|Any CPU.Build.0 = Release|Any CPU
		{7FB84807-829F-4225-A29E-102671EC1A7D}.Release|Any CPU.Deploy.0 = Release|Any CPU
		{854D90E6-0F88-4222-8051-A484998F16CE}.Debug|Any CPU.ActiveCfg = Debug|Any CPU
		{854D90E6-0F88-4222-8051-A484998F16CE}.Debug|Any CPU.Build.0 = Debug|Any CPU
		{854D90E6-0F88-4222-8051-A484998F16CE}.Release|Any CPU.ActiveCfg = Release|Any CPU
		{854D90E6-0F88-4222-8051-A484998F16CE}.Release|Any CPU.Build.0 = Release|Any CPU
		{9BCE325D-BD12-449D-A654-9B35B25E346A}.Debug|Any CPU.ActiveCfg = Debug|Any CPU
		{9BCE325D-BD12-449D-A654-9B35B25E346A}.Debug|Any CPU.Build.0 = Debug|Any CPU
		{9BCE325D-BD12-449D-A654-9B35B25E346A}.Debug|Any CPU.Deploy.0 = Debug|Any CPU
		{9BCE325D-BD12-449D-A654-9B35B25E346A}.Release|Any CPU.ActiveCfg = Release|Any CPU
		{9BCE325D-BD12-449D-A654-9B35B25E346A}.Release|Any CPU.Build.0 = Release|Any CPU
		{9BCE325D-BD12-449D-A654-9B35B25E346A}.Release|Any CPU.Deploy.0 = Release|Any CPU
		{3418F6C1-4249-4C10-A5D5-637C5C7BCD63}.Debug|Any CPU.ActiveCfg = Debug|Any CPU
		{3418F6C1-4249-4C10-A5D5-637C5C7BCD63}.Debug|Any CPU.Build.0 = Debug|Any CPU
		{3418F6C1-4249-4C10-A5D5-637C5C7BCD63}.Release|Any CPU.ActiveCfg = Release|Any CPU
		{3418F6C1-4249-4C10-A5D5-637C5C7BCD63}.Release|Any CPU.Build.0 = Release|Any CPU
		{132904BF-ADCB-48D6-9F5D-0065F8C68A74}.Debug|Any CPU.ActiveCfg = Debug|Any CPU
		{132904BF-ADCB-48D6-9F5D-0065F8C68A74}.Debug|Any CPU.Build.0 = Debug|Any CPU
		{132904BF-ADCB-48D6-9F5D-0065F8C68A74}.Debug|Any CPU.Deploy.0 = Debug|Any CPU
		{132904BF-ADCB-48D6-9F5D-0065F8C68A74}.Release|Any CPU.ActiveCfg = Release|Any CPU
		{132904BF-ADCB-48D6-9F5D-0065F8C68A74}.Release|Any CPU.Build.0 = Release|Any CPU
		{132904BF-ADCB-48D6-9F5D-0065F8C68A74}.Release|Any CPU.Deploy.0 = Release|Any CPU
		{D5341191-2F8A-4AC7-B8E1-2E193378D872}.Debug|Any CPU.ActiveCfg = Debug|Any CPU
		{D5341191-2F8A-4AC7-B8E1-2E193378D872}.Debug|Any CPU.Build.0 = Debug|Any CPU
		{D5341191-2F8A-4AC7-B8E1-2E193378D872}.Release|Any CPU.ActiveCfg = Release|Any CPU
		{D5341191-2F8A-4AC7-B8E1-2E193378D872}.Release|Any CPU.Build.0 = Release|Any CPU
		{BE521EDF-CEEF-42E1-889E-0242DA9E5171}.Debug|Any CPU.ActiveCfg = Debug|Any CPU
		{BE521EDF-CEEF-42E1-889E-0242DA9E5171}.Debug|Any CPU.Build.0 = Debug|Any CPU
		{BE521EDF-CEEF-42E1-889E-0242DA9E5171}.Debug|Any CPU.Deploy.0 = Debug|Any CPU
		{BE521EDF-CEEF-42E1-889E-0242DA9E5171}.Release|Any CPU.ActiveCfg = Release|Any CPU
		{BE521EDF-CEEF-42E1-889E-0242DA9E5171}.Release|Any CPU.Build.0 = Release|Any CPU
		{BE521EDF-CEEF-42E1-889E-0242DA9E5171}.Release|Any CPU.Deploy.0 = Release|Any CPU
		{C3DA471D-B911-4490-A6F3-0E42E37B2243}.Debug|Any CPU.ActiveCfg = Debug|Any CPU
		{C3DA471D-B911-4490-A6F3-0E42E37B2243}.Debug|Any CPU.Build.0 = Debug|Any CPU
		{C3DA471D-B911-4490-A6F3-0E42E37B2243}.Release|Any CPU.ActiveCfg = Release|Any CPU
		{C3DA471D-B911-4490-A6F3-0E42E37B2243}.Release|Any CPU.Build.0 = Release|Any CPU
	EndGlobalSection
	GlobalSection(SolutionProperties) = preSolution
		HideSolutionNode = FALSE
	EndGlobalSection
	GlobalSection(ExtensibilityGlobals) = postSolution
		SolutionGuid = {A97E9459-C81B-4B13-9F03-B0DBB1F87EF9}
	EndGlobalSection
EndGlobal
