
Microsoft Visual Studio Solution File, Format Version 12.00
# Visual Studio Version 16
VisualStudioVersion = 16.0.29424.173
MinimumVisualStudioVersion = 10.0.40219.1
Project("{FAE04EC0-301F-11D3-BF4B-00C04F79EFBC}") = "ListViewStrings.Android", "ListViewStrings\ListViewStrings.Android\ListViewStrings.Android.csproj", "{F16BECF6-2E94-4AE3-AE22-9507C0213814}"
EndProject
Project("{9A19103F-16F7-4668-BE54-9A1E7A4F7556}") = "ListViewStrings", "ListViewStrings\ListViewStrings\ListViewStrings.csproj", "{477D4CC1-02A2-4888-BB3F-F8C68EB230E8}"
EndProject
Project("{FAE04EC0-301F-11D3-BF4B-00C04F79EFBC}") = "ListViewDataModel.Android", "ListViewDataModel\ListViewDataModel.Android\ListViewDataModel.Android.csproj", "{89650517-81C2-424D-9A5F-0E928AB2C276}"
EndProject
Project("{9A19103F-16F7-4668-BE54-9A1E7A4F7556}") = "ListViewDataModel", "ListViewDataModel\ListViewDataModel\ListViewDataModel.csproj", "{32DFE554-4C2E-4F80-B86E-21CBD3C42D26}"
EndProject
Project("{FAE04EC0-301F-11D3-BF4B-00C04F79EFBC}") = "ListViewImageCell.Android", "ListViewImageCell\ListViewImageCell.Android\ListViewImageCell.Android.csproj", "{F724B413-130F-43F1-B233-EC0D5BB42DBB}"
EndProject
Project("{9A19103F-16F7-4668-BE54-9A1E7A4F7556}") = "ListViewImageCell", "ListViewImageCell\ListViewImageCell\ListViewImageCell.csproj", "{C21DBC87-193A-40B3-B508-DDB6DF726DBF}"
EndProject
Project("{FAE04EC0-301F-11D3-BF4B-00C04F79EFBC}") = "ListViewCustom.Android", "ListViewCustom\ListViewCustom.Android\ListViewCustom.Android.csproj", "{8A1E89D2-78CD-4679-8CF0-65A45F303268}"
EndProject
Project("{9A19103F-16F7-4668-BE54-9A1E7A4F7556}") = "ListViewCustom", "ListViewCustom\ListViewCustom\ListViewCustom.csproj", "{7B9F4B9B-E2A8-463C-92B9-4AFD1C0D8BC2}"
EndProject
Project("{FAE04EC0-301F-11D3-BF4B-00C04F79EFBC}") = "ListViewButton.Android", "ListViewButton\ListViewButton.Android\ListViewButton.Android.csproj", "{9A10DAAD-6871-4B48-9ED7-0EE091530B13}"
EndProject
Project("{9A19103F-16F7-4668-BE54-9A1E7A4F7556}") = "ListViewButton", "ListViewButton\ListViewButton\ListViewButton.csproj", "{54EF3FC7-06C8-4BB1-9053-27F28BDD68CD}"
EndProject
Project("{FAE04EC0-301F-11D3-BF4B-00C04F79EFBC}") = "ListViewContextAction.Android", "ListViewContextAction\ListViewContextAction.Android\ListViewContextAction.Android.csproj", "{5D4D7E87-D09C-4722-81CA-19D5E2F1BAF9}"
EndProject
Project("{9A19103F-16F7-4668-BE54-9A1E7A4F7556}") = "ListViewContextAction", "ListViewContextAction\ListViewContextAction\ListViewContextAction.csproj", "{0FF11B0B-B431-4334-A060-CA33998742CA}"
EndProject
Project("{FAE04EC0-301F-11D3-BF4B-00C04F79EFBC}") = "ListViewGrouped.Android", "ListViewGrouped\ListViewGrouped.Android\ListViewGrouped.Android.csproj", "{D9D7F663-8F51-43B4-AC75-4FCD2299FA5E}"
EndProject
Project("{FAE04EC0-301F-11D3-BF4B-00C04F79EFBC}") = "ListViewGrouped", "ListViewGrouped\ListViewGrouped\ListViewGrouped.csproj", "{3E46C2CA-8729-4A29-8FB2-9F39063B52FD}"
EndProject
Project("{FAE04EC0-301F-11D3-BF4B-00C04F79EFBC}") = "ListViewGroupedTemplate.Android", "ListViewGroupedTemplate\ListViewGroupedTemplate.Android\ListViewGroupedTemplate.Android.csproj", "{4A6E4BD4-7924-4F80-A61B-E4FA6FBE5D6F}"
EndProject
Project("{FAE04EC0-301F-11D3-BF4B-00C04F79EFBC}") = "ListViewGroupedTemplate", "ListViewGroupedTemplate\ListViewGroupedTemplate\ListViewGroupedTemplate.csproj", "{941D0524-A8B2-4784-8C08-4430BD193930}"
EndProject
Project("{FAE04EC0-301F-11D3-BF4B-00C04F79EFBC}") = "ListViewsScroll.Android", "ListViewsScroll\ListViewsScroll.Android\ListViewsScroll.Android.csproj", "{6F3C62FA-8EF4-4C0E-B2C5-419E6C5C9353}"
EndProject
Project("{FAE04EC0-301F-11D3-BF4B-00C04F79EFBC}") = "ListViewsScroll", "ListViewsScroll\ListViewsScroll\ListViewsScroll.csproj", "{40409246-B070-4511-B2E8-628D767E2427}"
EndProject
Global
	GlobalSection(SolutionConfigurationPlatforms) = preSolution
		Debug|Any CPU = Debug|Any CPU
		Release|Any CPU = Release|Any CPU
	EndGlobalSection
	GlobalSection(ProjectConfigurationPlatforms) = postSolution
		{F16BECF6-2E94-4AE3-AE22-9507C0213814}.Debug|Any CPU.ActiveCfg = Debug|Any CPU
		{F16BECF6-2E94-4AE3-AE22-9507C0213814}.Debug|Any CPU.Build.0 = Debug|Any CPU
		{F16BECF6-2E94-4AE3-AE22-9507C0213814}.Debug|Any CPU.Deploy.0 = Debug|Any CPU
		{F16BECF6-2E94-4AE3-AE22-9507C0213814}.Release|Any CPU.ActiveCfg = Release|Any CPU
		{F16BECF6-2E94-4AE3-AE22-9507C0213814}.Release|Any CPU.Build.0 = Release|Any CPU
		{F16BECF6-2E94-4AE3-AE22-9507C0213814}.Release|Any CPU.Deploy.0 = Release|Any CPU
		{477D4CC1-02A2-4888-BB3F-F8C68EB230E8}.Debug|Any CPU.ActiveCfg = Debug|Any CPU
		{477D4CC1-02A2-4888-BB3F-F8C68EB230E8}.Debug|Any CPU.Build.0 = Debug|Any CPU
		{477D4CC1-02A2-4888-BB3F-F8C68EB230E8}.Release|Any CPU.ActiveCfg = Release|Any CPU
		{477D4CC1-02A2-4888-BB3F-F8C68EB230E8}.Release|Any CPU.Build.0 = Release|Any CPU
		{89650517-81C2-424D-9A5F-0E928AB2C276}.Debug|Any CPU.ActiveCfg = Debug|Any CPU
		{89650517-81C2-424D-9A5F-0E928AB2C276}.Debug|Any CPU.Build.0 = Debug|Any CPU
		{89650517-81C2-424D-9A5F-0E928AB2C276}.Debug|Any CPU.Deploy.0 = Debug|Any CPU
		{89650517-81C2-424D-9A5F-0E928AB2C276}.Release|Any CPU.ActiveCfg = Release|Any CPU
		{89650517-81C2-424D-9A5F-0E928AB2C276}.Release|Any CPU.Build.0 = Release|Any CPU
		{89650517-81C2-424D-9A5F-0E928AB2C276}.Release|Any CPU.Deploy.0 = Release|Any CPU
		{32DFE554-4C2E-4F80-B86E-21CBD3C42D26}.Debug|Any CPU.ActiveCfg = Debug|Any CPU
		{32DFE554-4C2E-4F80-B86E-21CBD3C42D26}.Debug|Any CPU.Build.0 = Debug|Any CPU
		{32DFE554-4C2E-4F80-B86E-21CBD3C42D26}.Release|Any CPU.ActiveCfg = Release|Any CPU
		{32DFE554-4C2E-4F80-B86E-21CBD3C42D26}.Release|Any CPU.Build.0 = Release|Any CPU
		{F724B413-130F-43F1-B233-EC0D5BB42DBB}.Debug|Any CPU.ActiveCfg = Debug|Any CPU
		{F724B413-130F-43F1-B233-EC0D5BB42DBB}.Debug|Any CPU.Build.0 = Debug|Any CPU
		{F724B413-130F-43F1-B233-EC0D5BB42DBB}.Debug|Any CPU.Deploy.0 = Debug|Any CPU
		{F724B413-130F-43F1-B233-EC0D5BB42DBB}.Release|Any CPU.ActiveCfg = Release|Any CPU
		{F724B413-130F-43F1-B233-EC0D5BB42DBB}.Release|Any CPU.Build.0 = Release|Any CPU
		{F724B413-130F-43F1-B233-EC0D5BB42DBB}.Release|Any CPU.Deploy.0 = Release|Any CPU
		{C21DBC87-193A-40B3-B508-DDB6DF726DBF}.Debug|Any CPU.ActiveCfg = Debug|Any CPU
		{C21DBC87-193A-40B3-B508-DDB6DF726DBF}.Debug|Any CPU.Build.0 = Debug|Any CPU
		{C21DBC87-193A-40B3-B508-DDB6DF726DBF}.Release|Any CPU.ActiveCfg = Release|Any CPU
		{C21DBC87-193A-40B3-B508-DDB6DF726DBF}.Release|Any CPU.Build.0 = Release|Any CPU
		{8A1E89D2-78CD-4679-8CF0-65A45F303268}.Debug|Any CPU.ActiveCfg = Debug|Any CPU
		{8A1E89D2-78CD-4679-8CF0-65A45F303268}.Debug|Any CPU.Build.0 = Debug|Any CPU
		{8A1E89D2-78CD-4679-8CF0-65A45F303268}.Debug|Any CPU.Deploy.0 = Debug|Any CPU
		{8A1E89D2-78CD-4679-8CF0-65A45F303268}.Release|Any CPU.ActiveCfg = Release|Any CPU
		{8A1E89D2-78CD-4679-8CF0-65A45F303268}.Release|Any CPU.Build.0 = Release|Any CPU
		{8A1E89D2-78CD-4679-8CF0-65A45F303268}.Release|Any CPU.Deploy.0 = Release|Any CPU
		{7B9F4B9B-E2A8-463C-92B9-4AFD1C0D8BC2}.Debug|Any CPU.ActiveCfg = Debug|Any CPU
		{7B9F4B9B-E2A8-463C-92B9-4AFD1C0D8BC2}.Debug|Any CPU.Build.0 = Debug|Any CPU
		{7B9F4B9B-E2A8-463C-92B9-4AFD1C0D8BC2}.Release|Any CPU.ActiveCfg = Release|Any CPU
		{7B9F4B9B-E2A8-463C-92B9-4AFD1C0D8BC2}.Release|Any CPU.Build.0 = Release|Any CPU
		{9A10DAAD-6871-4B48-9ED7-0EE091530B13}.Debug|Any CPU.ActiveCfg = Debug|Any CPU
		{9A10DAAD-6871-4B48-9ED7-0EE091530B13}.Debug|Any CPU.Build.0 = Debug|Any CPU
		{9A10DAAD-6871-4B48-9ED7-0EE091530B13}.Debug|Any CPU.Deploy.0 = Debug|Any CPU
		{9A10DAAD-6871-4B48-9ED7-0EE091530B13}.Release|Any CPU.ActiveCfg = Release|Any CPU
		{9A10DAAD-6871-4B48-9ED7-0EE091530B13}.Release|Any CPU.Build.0 = Release|Any CPU
		{9A10DAAD-6871-4B48-9ED7-0EE091530B13}.Release|Any CPU.Deploy.0 = Release|Any CPU
		{54EF3FC7-06C8-4BB1-9053-27F28BDD68CD}.Debug|Any CPU.ActiveCfg = Debug|Any CPU
		{54EF3FC7-06C8-4BB1-9053-27F28BDD68CD}.Debug|Any CPU.Build.0 = Debug|Any CPU
		{54EF3FC7-06C8-4BB1-9053-27F28BDD68CD}.Release|Any CPU.ActiveCfg = Release|Any CPU
		{54EF3FC7-06C8-4BB1-9053-27F28BDD68CD}.Release|Any CPU.Build.0 = Release|Any CPU
		{5D4D7E87-D09C-4722-81CA-19D5E2F1BAF9}.Debug|Any CPU.ActiveCfg = Debug|Any CPU
		{5D4D7E87-D09C-4722-81CA-19D5E2F1BAF9}.Debug|Any CPU.Build.0 = Debug|Any CPU
		{5D4D7E87-D09C-4722-81CA-19D5E2F1BAF9}.Debug|Any CPU.Deploy.0 = Debug|Any CPU
		{5D4D7E87-D09C-4722-81CA-19D5E2F1BAF9}.Release|Any CPU.ActiveCfg = Release|Any CPU
		{5D4D7E87-D09C-4722-81CA-19D5E2F1BAF9}.Release|Any CPU.Build.0 = Release|Any CPU
		{5D4D7E87-D09C-4722-81CA-19D5E2F1BAF9}.Release|Any CPU.Deploy.0 = Release|Any CPU
		{0FF11B0B-B431-4334-A060-CA33998742CA}.Debug|Any CPU.ActiveCfg = Debug|Any CPU
		{0FF11B0B-B431-4334-A060-CA33998742CA}.Debug|Any CPU.Build.0 = Debug|Any CPU
		{0FF11B0B-B431-4334-A060-CA33998742CA}.Release|Any CPU.ActiveCfg = Release|Any CPU
		{0FF11B0B-B431-4334-A060-CA33998742CA}.Release|Any CPU.Build.0 = Release|Any CPU
		{D9D7F663-8F51-43B4-AC75-4FCD2299FA5E}.Debug|Any CPU.ActiveCfg = Debug|Any CPU
		{D9D7F663-8F51-43B4-AC75-4FCD2299FA5E}.Debug|Any CPU.Build.0 = Debug|Any CPU
		{D9D7F663-8F51-43B4-AC75-4FCD2299FA5E}.Debug|Any CPU.Deploy.0 = Debug|Any CPU
		{D9D7F663-8F51-43B4-AC75-4FCD2299FA5E}.Release|Any CPU.ActiveCfg = Release|Any CPU
		{D9D7F663-8F51-43B4-AC75-4FCD2299FA5E}.Release|Any CPU.Build.0 = Release|Any CPU
		{D9D7F663-8F51-43B4-AC75-4FCD2299FA5E}.Release|Any CPU.Deploy.0 = Release|Any CPU
		{3E46C2CA-8729-4A29-8FB2-9F39063B52FD}.Debug|Any CPU.ActiveCfg = Debug|Any CPU
		{3E46C2CA-8729-4A29-8FB2-9F39063B52FD}.Debug|Any CPU.Build.0 = Debug|Any CPU
		{3E46C2CA-8729-4A29-8FB2-9F39063B52FD}.Release|Any CPU.ActiveCfg = Release|Any CPU
		{3E46C2CA-8729-4A29-8FB2-9F39063B52FD}.Release|Any CPU.Build.0 = Release|Any CPU
		{4A6E4BD4-7924-4F80-A61B-E4FA6FBE5D6F}.Debug|Any CPU.ActiveCfg = Debug|Any CPU
		{4A6E4BD4-7924-4F80-A61B-E4FA6FBE5D6F}.Debug|Any CPU.Build.0 = Debug|Any CPU
		{4A6E4BD4-7924-4F80-A61B-E4FA6FBE5D6F}.Debug|Any CPU.Deploy.0 = Debug|Any CPU
		{4A6E4BD4-7924-4F80-A61B-E4FA6FBE5D6F}.Release|Any CPU.ActiveCfg = Release|Any CPU
		{4A6E4BD4-7924-4F80-A61B-E4FA6FBE5D6F}.Release|Any CPU.Build.0 = Release|Any CPU
		{4A6E4BD4-7924-4F80-A61B-E4FA6FBE5D6F}.Release|Any CPU.Deploy.0 = Release|Any CPU
		{941D0524-A8B2-4784-8C08-4430BD193930}.Debug|Any CPU.ActiveCfg = Debug|Any CPU
		{941D0524-A8B2-4784-8C08-4430BD193930}.Debug|Any CPU.Build.0 = Debug|Any CPU
		{941D0524-A8B2-4784-8C08-4430BD193930}.Release|Any CPU.ActiveCfg = Release|Any CPU
		{941D0524-A8B2-4784-8C08-4430BD193930}.Release|Any CPU.Build.0 = Release|Any CPU
		{6F3C62FA-8EF4-4C0E-B2C5-419E6C5C9353}.Debug|Any CPU.ActiveCfg = Debug|Any CPU
		{6F3C62FA-8EF4-4C0E-B2C5-419E6C5C9353}.Debug|Any CPU.Build.0 = Debug|Any CPU
		{6F3C62FA-8EF4-4C0E-B2C5-419E6C5C9353}.Debug|Any CPU.Deploy.0 = Debug|Any CPU
		{6F3C62FA-8EF4-4C0E-B2C5-419E6C5C9353}.Release|Any CPU.ActiveCfg = Release|Any CPU
		{6F3C62FA-8EF4-4C0E-B2C5-419E6C5C9353}.Release|Any CPU.Build.0 = Release|Any CPU
		{6F3C62FA-8EF4-4C0E-B2C5-419E6C5C9353}.Release|Any CPU.Deploy.0 = Release|Any CPU
		{40409246-B070-4511-B2E8-628D767E2427}.Debug|Any CPU.ActiveCfg = Debug|Any CPU
		{40409246-B070-4511-B2E8-628D767E2427}.Debug|Any CPU.Build.0 = Debug|Any CPU
		{40409246-B070-4511-B2E8-628D767E2427}.Release|Any CPU.ActiveCfg = Release|Any CPU
		{40409246-B070-4511-B2E8-628D767E2427}.Release|Any CPU.Build.0 = Release|Any CPU
	EndGlobalSection
	GlobalSection(SolutionProperties) = preSolution
		HideSolutionNode = FALSE
	EndGlobalSection
	GlobalSection(ExtensibilityGlobals) = postSolution
		SolutionGuid = {39395509-EA30-4946-8F33-8759790823F9}
	EndGlobalSection
EndGlobal
